
Microsoft Visual Studio Solution File, Format Version 12.00
# Visual Studio 14
VisualStudioVersion = 14.0.25420.1
MinimumVisualStudioVersion = 10.0.40219.1
Project("{002A2DE9-8BB6-484D-9802-7E4AD4084715}") = "PatcherLib", "PatcherLib.visualdproj", "{220B3113-6FC9-4D3C-8CE2-D911119538EF}"
EndProject
Project("{8BC9CEB8-8B4A-11D0-8D11-00A0C91BC942}") = "PatcherLibTest", "..\PatcherLibTest\PatcherLibTest.vcxproj", "{22DF7BD3-55D3-42BA-93A1-0F1C101F3828}"
	ProjectSection(ProjectDependencies) = postProject
		{220B3113-6FC9-4D3C-8CE2-D911119538EF} = {220B3113-6FC9-4D3C-8CE2-D911119538EF}
	EndProjectSection
EndProject
Project("{002A2DE9-8BB6-484D-9802-7E4AD4084715}") = "PatcherLibTestD", "..\PatcherLibTestD\PatcherLibTestD.visualdproj", "{6FC6E701-4D15-4C28-ADCB-4B78F6AC5F11}"
	ProjectSection(ProjectDependencies) = postProject
		{220B3113-6FC9-4D3C-8CE2-D911119538EF} = {220B3113-6FC9-4D3C-8CE2-D911119538EF}
	EndProjectSection
EndProject
Global
	GlobalSection(SolutionConfigurationPlatforms) = preSolution
		Debug DMD|x64 = Debug DMD|x64
		Debug DMD|x86 = Debug DMD|x86
		Debug LDC|x64 = Debug LDC|x64
		Debug LDC|x86 = Debug LDC|x86
		Debug|x64 = Debug|x64
		Debug|x86 = Debug|x86
		Release DMD|x64 = Release DMD|x64
		Release DMD|x86 = Release DMD|x86
		Release LDC|x64 = Release LDC|x64
		Release LDC|x86 = Release LDC|x86
		Release|x64 = Release|x64
		Release|x86 = Release|x86
	EndGlobalSection
	GlobalSection(ProjectConfigurationPlatforms) = postSolution
		{220B3113-6FC9-4D3C-8CE2-D911119538EF}.Debug DMD|x64.ActiveCfg = Release|Win32
		{220B3113-6FC9-4D3C-8CE2-D911119538EF}.Debug DMD|x64.Build.0 = Release|Win32
		{220B3113-6FC9-4D3C-8CE2-D911119538EF}.Debug DMD|x86.ActiveCfg = Debug|Win32
		{220B3113-6FC9-4D3C-8CE2-D911119538EF}.Debug DMD|x86.Build.0 = Debug|Win32
		{220B3113-6FC9-4D3C-8CE2-D911119538EF}.Debug LDC|x64.ActiveCfg = Release|Win32
		{220B3113-6FC9-4D3C-8CE2-D911119538EF}.Debug LDC|x64.Build.0 = Release|Win32
		{220B3113-6FC9-4D3C-8CE2-D911119538EF}.Debug LDC|x86.ActiveCfg = Debug|Win32
		{220B3113-6FC9-4D3C-8CE2-D911119538EF}.Debug LDC|x86.Build.0 = Debug|Win32
		{220B3113-6FC9-4D3C-8CE2-D911119538EF}.Debug|x64.ActiveCfg = Debug|Win32
		{220B3113-6FC9-4D3C-8CE2-D911119538EF}.Debug|x86.ActiveCfg = Debug|Win32
		{220B3113-6FC9-4D3C-8CE2-D911119538EF}.Debug|x86.Build.0 = Debug|Win32
		{220B3113-6FC9-4D3C-8CE2-D911119538EF}.Release DMD|x64.ActiveCfg = Release|Win32
		{220B3113-6FC9-4D3C-8CE2-D911119538EF}.Release DMD|x64.Build.0 = Release|Win32
		{220B3113-6FC9-4D3C-8CE2-D911119538EF}.Release DMD|x86.ActiveCfg = Release|Win32
		{220B3113-6FC9-4D3C-8CE2-D911119538EF}.Release DMD|x86.Build.0 = Release|Win32
		{220B3113-6FC9-4D3C-8CE2-D911119538EF}.Release LDC|x64.ActiveCfg = Release|Win32
		{220B3113-6FC9-4D3C-8CE2-D911119538EF}.Release LDC|x64.Build.0 = Release|Win32
		{220B3113-6FC9-4D3C-8CE2-D911119538EF}.Release LDC|x86.ActiveCfg = Release|Win32
		{220B3113-6FC9-4D3C-8CE2-D911119538EF}.Release LDC|x86.Build.0 = Release|Win32
		{220B3113-6FC9-4D3C-8CE2-D911119538EF}.Release|x64.ActiveCfg = Release|Win32
		{220B3113-6FC9-4D3C-8CE2-D911119538EF}.Release|x86.ActiveCfg = Release|Win32
		{220B3113-6FC9-4D3C-8CE2-D911119538EF}.Release|x86.Build.0 = Release|Win32
		{22DF7BD3-55D3-42BA-93A1-0F1C101F3828}.Debug DMD|x64.ActiveCfg = Debug|x64
		{22DF7BD3-55D3-42BA-93A1-0F1C101F3828}.Debug DMD|x64.Build.0 = Debug|x64
		{22DF7BD3-55D3-42BA-93A1-0F1C101F3828}.Debug DMD|x86.ActiveCfg = Debug|Win32
		{22DF7BD3-55D3-42BA-93A1-0F1C101F3828}.Debug DMD|x86.Build.0 = Debug|Win32
		{22DF7BD3-55D3-42BA-93A1-0F1C101F3828}.Debug LDC|x64.ActiveCfg = Debug|x64
		{22DF7BD3-55D3-42BA-93A1-0F1C101F3828}.Debug LDC|x64.Build.0 = Debug|x64
		{22DF7BD3-55D3-42BA-93A1-0F1C101F3828}.Debug LDC|x86.ActiveCfg = Debug|Win32
		{22DF7BD3-55D3-42BA-93A1-0F1C101F3828}.Debug LDC|x86.Build.0 = Debug|Win32
		{22DF7BD3-55D3-42BA-93A1-0F1C101F3828}.Debug|x64.ActiveCfg = Debug|x64
		{22DF7BD3-55D3-42BA-93A1-0F1C101F3828}.Debug|x64.Build.0 = Debug|x64
		{22DF7BD3-55D3-42BA-93A1-0F1C101F3828}.Debug|x86.ActiveCfg = Debug|Win32
		{22DF7BD3-55D3-42BA-93A1-0F1C101F3828}.Debug|x86.Build.0 = Debug|Win32
		{22DF7BD3-55D3-42BA-93A1-0F1C101F3828}.Release DMD|x64.ActiveCfg = Release|x64
		{22DF7BD3-55D3-42BA-93A1-0F1C101F3828}.Release DMD|x64.Build.0 = Release|x64
		{22DF7BD3-55D3-42BA-93A1-0F1C101F3828}.Release DMD|x86.ActiveCfg = Release|Win32
		{22DF7BD3-55D3-42BA-93A1-0F1C101F3828}.Release DMD|x86.Build.0 = Release|Win32
		{22DF7BD3-55D3-42BA-93A1-0F1C101F3828}.Release LDC|x64.ActiveCfg = Release|x64
		{22DF7BD3-55D3-42BA-93A1-0F1C101F3828}.Release LDC|x64.Build.0 = Release|x64
		{22DF7BD3-55D3-42BA-93A1-0F1C101F3828}.Release LDC|x86.ActiveCfg = Release|Win32
		{22DF7BD3-55D3-42BA-93A1-0F1C101F3828}.Release LDC|x86.Build.0 = Release|Win32
		{22DF7BD3-55D3-42BA-93A1-0F1C101F3828}.Release|x64.ActiveCfg = Release|x64
		{22DF7BD3-55D3-42BA-93A1-0F1C101F3828}.Release|x64.Build.0 = Release|x64
		{22DF7BD3-55D3-42BA-93A1-0F1C101F3828}.Release|x86.ActiveCfg = Release|Win32
		{22DF7BD3-55D3-42BA-93A1-0F1C101F3828}.Release|x86.Build.0 = Release|Win32
		{6FC6E701-4D15-4C28-ADCB-4B78F6AC5F11}.Debug DMD|x64.ActiveCfg = Debug DMD|x64
		{6FC6E701-4D15-4C28-ADCB-4B78F6AC5F11}.Debug DMD|x64.Build.0 = Debug DMD|x64
		{6FC6E701-4D15-4C28-ADCB-4B78F6AC5F11}.Debug DMD|x86.ActiveCfg = Debug DMD|Win32
		{6FC6E701-4D15-4C28-ADCB-4B78F6AC5F11}.Debug DMD|x86.Build.0 = Debug DMD|Win32
		{6FC6E701-4D15-4C28-ADCB-4B78F6AC5F11}.Debug LDC|x64.ActiveCfg = Debug LDC|x64
		{6FC6E701-4D15-4C28-ADCB-4B78F6AC5F11}.Debug LDC|x64.Build.0 = Debug LDC|x64
		{6FC6E701-4D15-4C28-ADCB-4B78F6AC5F11}.Debug LDC|x86.ActiveCfg = Debug LDC|Win32
		{6FC6E701-4D15-4C28-ADCB-4B78F6AC5F11}.Debug LDC|x86.Build.0 = Debug LDC|Win32
		{6FC6E701-4D15-4C28-ADCB-4B78F6AC5F11}.Debug|x64.ActiveCfg = Debug LDC|x64
		{6FC6E701-4D15-4C28-ADCB-4B78F6AC5F11}.Debug|x64.Build.0 = Debug LDC|x64
		{6FC6E701-4D15-4C28-ADCB-4B78F6AC5F11}.Debug|x86.ActiveCfg = Debug LDC|Win32
		{6FC6E701-4D15-4C28-ADCB-4B78F6AC5F11}.Debug|x86.Build.0 = Debug LDC|Win32
		{6FC6E701-4D15-4C28-ADCB-4B78F6AC5F11}.Release DMD|x64.ActiveCfg = Release DMD|x64
		{6FC6E701-4D15-4C28-ADCB-4B78F6AC5F11}.Release DMD|x64.Build.0 = Release DMD|x64
		{6FC6E701-4D15-4C28-ADCB-4B78F6AC5F11}.Release DMD|x86.ActiveCfg = Release DMD|Win32
		{6FC6E701-4D15-4C28-ADCB-4B78F6AC5F11}.Release DMD|x86.Build.0 = Release DMD|Win32
		{6FC6E701-4D15-4C28-ADCB-4B78F6AC5F11}.Release LDC|x64.ActiveCfg = Release LDC|x64
		{6FC6E701-4D15-4C28-ADCB-4B78F6AC5F11}.Release LDC|x64.Build.0 = Release LDC|x64
		{6FC6E701-4D15-4C28-ADCB-4B78F6AC5F11}.Release LDC|x86.ActiveCfg = Release LDC|Win32
		{6FC6E701-4D15-4C28-ADCB-4B78F6AC5F11}.Release LDC|x86.Build.0 = Release LDC|Win32
		{6FC6E701-4D15-4C28-ADCB-4B78F6AC5F11}.Release|x64.ActiveCfg = Release LDC|x64
		{6FC6E701-4D15-4C28-ADCB-4B78F6AC5F11}.Release|x64.Build.0 = Release LDC|x64
		{6FC6E701-4D15-4C28-ADCB-4B78F6AC5F11}.Release|x86.ActiveCfg = Release LDC|Win32
		{6FC6E701-4D15-4C28-ADCB-4B78F6AC5F11}.Release|x86.Build.0 = Release LDC|Win32
	EndGlobalSection
	GlobalSection(SolutionProperties) = preSolution
		HideSolutionNode = FALSE
	EndGlobalSection
EndGlobal
